
Microsoft Visual Studio Solution File, Format Version 12.00
# Visual Studio Version 16
VisualStudioVersion = 16.0.29806.167
MinimumVisualStudioVersion = 10.0.40219.1
Project("{FAE04EC0-301F-11D3-BF4B-00C04F79EFBC}") = "CoreMeter", "CoreMeter\CoreMeter.csproj", "{C159EFFF-705D-43AF-889B-071AAFEEC0E5}"
EndProject
Global
	GlobalSection(SolutionConfigurationPlatforms) = preSolution
		Debug|Any CPU = Debug|Any CPU
		Release|Any CPU = Release|Any CPU
	EndGlobalSection
	GlobalSection(ProjectConfigurationPlatforms) = postSolution
		{C159EFFF-705D-43AF-889B-071AAFEEC0E5}.Debug|Any CPU.ActiveCfg = Debug|Any CPU
		{C159EFFF-705D-43AF-889B-071AAFEEC0E5}.Debug|Any CPU.Build.0 = Debug|Any CPU
		{C159EFFF-705D-43AF-889B-071AAFEEC0E5}.Release|Any CPU.ActiveCfg = Release|Any CPU
		{C159EFFF-705D-43AF-889B-071AAFEEC0E5}.Release|Any CPU.Build.0 = Release|Any CPU
	EndGlobalSection
	GlobalSection(SolutionProperties) = preSolution
		HideSolutionNode = FALSE
	EndGlobalSection
	GlobalSection(ExtensibilityGlobals) = postSolution
		SolutionGuid = {F65F2EC1-D573-481E-9D26-D1A45EC64D91}
	EndGlobalSection
EndGlobal
